
Microsoft Visual Studio Solution File, Format Version 12.00
# Visual Studio Version 17
VisualStudioVersion = 17.0.32112.339
MinimumVisualStudioVersion = 10.0.40219.1
Project("{FAE04EC0-301F-11D3-BF4B-00C04F79EFBC}") = "TodoApi", "TodoApi\TodoApi.csproj", "{13EE6FDD-8F29-486F-8292-88746772304F}"
EndProject
Global
	GlobalSection(SolutionConfigurationPlatforms) = preSolution
		Debug|Any CPU = Debug|Any CPU
		Release|Any CPU = Release|Any CPU
	EndGlobalSection
	GlobalSection(ProjectConfigurationPlatforms) = postSolution
		{13EE6FDD-8F29-486F-8292-88746772304F}.Debug|Any CPU.ActiveCfg = Debug|Any CPU
		{13EE6FDD-8F29-486F-8292-88746772304F}.Debug|Any CPU.Build.0 = Debug|Any CPU
		{13EE6FDD-8F29-486F-8292-88746772304F}.Release|Any CPU.ActiveCfg = Release|Any CPU
		{13EE6FDD-8F29-486F-8292-88746772304F}.Release|Any CPU.Build.0 = Release|Any CPU
	EndGlobalSection
	GlobalSection(SolutionProperties) = preSolution
		HideSolutionNode = FALSE
	EndGlobalSection
	GlobalSection(ExtensibilityGlobals) = postSolution
		SolutionGuid = {901ACBAD-779E-45FF-AE04-92DD3649600C}
	EndGlobalSection
EndGlobal
